
Microsoft Visual Studio Solution File, Format Version 12.00
# Visual Studio Version 16
VisualStudioVersion = 16.0.30225.117
MinimumVisualStudioVersion = 10.0.40219.1
Project("{FAE04EC0-301F-11D3-BF4B-00C04F79EFBC}") = "EliteReworks", "EliteReworks\EliteReworks.csproj", "{63279F21-59B2-47BD-A1FC-C76E5CB47250}"
EndProject
Global
	GlobalSection(SolutionConfigurationPlatforms) = preSolution
		Debug|Any CPU = Debug|Any CPU
		Release|Any CPU = Release|Any CPU
	EndGlobalSection
	GlobalSection(ProjectConfigurationPlatforms) = postSolution
		{63279F21-59B2-47BD-A1FC-C76E5CB47250}.Debug|Any CPU.ActiveCfg = Debug|Any CPU
		{63279F21-59B2-47BD-A1FC-C76E5CB47250}.Debug|Any CPU.Build.0 = Debug|Any CPU
		{63279F21-59B2-47BD-A1FC-C76E5CB47250}.Release|Any CPU.ActiveCfg = Release|Any CPU
		{63279F21-59B2-47BD-A1FC-C76E5CB47250}.Release|Any CPU.Build.0 = Release|Any CPU
	EndGlobalSection
	GlobalSection(SolutionProperties) = preSolution
		HideSolutionNode = FALSE
	EndGlobalSection
	GlobalSection(ExtensibilityGlobals) = postSolution
		SolutionGuid = {C03FF884-24C9-4B9F-AC62-044710A42615}
	EndGlobalSection
EndGlobal
